// !$*UTF8*$!
{
	archiveVersion = 1;
	classes = {
	};
	objectVersion = 42;
	objects = {

/* Begin PBXFileReference section */
		20C9B5DE1179FBAB003134F2 /* SearchObject.h */ = {isa = PBXFileReference; fileEncoding = 4; lastKnownFileType = sourcecode.c.h; path = SearchObject.h; sourceTree = "<group>"; };
		20C9B5DF1179FBAB003134F2 /* SearchObject.cpp */ = {isa = PBXFileReference; fileEncoding = 4; lastKnownFileType = sourcecode.cpp.cpp; path = SearchObject.cpp; sourceTree = "<group>"; };
/* End PBXFileReference section */

/* Begin PBXGroup section */
		20C9B5BF1179FAB8003134F2 = {
			isa = PBXGroup;
			children = (
				20C9B5DE1179FBAB003134F2 /* SearchObject.h */,
				20C9B5DF1179FBAB003134F2 /* SearchObject.cpp */,
			);
			sourceTree = "<group>";
		};
/* End PBXGroup section */

/* Begin PBXProject section */
		20C9B5C11179FAB8003134F2 /* Project object */ = {
			isa = PBXProject;
			buildConfigurationList = 20C9B5C41179FAB8003134F2 /* Build configuration list for PBXProject "ProjectLegoBlimps" */;
			compatibilityVersion = "Xcode 2.4";
			hasScannedForEncodings = 0;
			mainGroup = 20C9B5BF1179FAB8003134F2;
			projectDirPath = "";
			projectRoot = "";
			targets = (
			);
		};
/* End PBXProject section */

/* Begin XCBuildConfiguration section */
		20C9B5C21179FAB8003134F2 /* Debug */ = {
			isa = XCBuildConfiguration;
			buildSettings = {
				COPY_PHASE_STRIP = NO;
			};
			name = Debug;
		};
		20C9B5C31179FAB8003134F2 /* Release */ = {
			isa = XCBuildConfiguration;
			buildSettings = {
				COPY_PHASE_STRIP = YES;
			};
			name = Release;
		};
/* End XCBuildConfiguration section */

/* Begin XCConfigurationList section */
		20C9B5C41179FAB8003134F2 /* Build configuration list for PBXProject "ProjectLegoBlimps" */ = {
			isa = XCConfigurationList;
			buildConfigurations = (
				20C9B5C21179FAB8003134F2 /* Debug */,
				20C9B5C31179FAB8003134F2 /* Release */,
			);
			defaultConfigurationIsVisible = 0;
			defaultConfigurationName = Release;
		};
/* End XCConfigurationList section */
	};
	rootObject = 20C9B5C11179FAB8003134F2 /* Project object */;
}
