<?xml version="1.0" encoding="utf-8"?>
<Project ToolsVersion="4.0" xmlns="http://schemas.microsoft.com/developer/msbuild/2003">
  <ItemGroup>
    <Filter Include="Header Files">
      <UniqueIdentifier>{93995380-89BD-4b04-88EB-625FBE52EBFB}</UniqueIdentifier>
      <Extensions>h;hpp;hxx;hm;inl;inc;xsd</Extensions>
    </Filter>
    <Filter Include="Resource Files">
      <UniqueIdentifier>{67DA6AB6-F800-4c08-8B7A-83BB121AAD01}</UniqueIdentifier>
      <Extensions>rc;ico;cur;bmp;dlg;rc2;rct;bin;rgs;gif;jpg;jpeg;jpe;resx;tiff;tif;png;wav;mfcribbon-ms</Extensions>
    </Filter>
    <Filter Include="Source Files">
      <UniqueIdentifier>{4FC737F1-C7A5-4376-A066-2A32D752A2FF}</UniqueIdentifier>
      <Extensions>cpp;c;cc;cxx;def;odl;idl;hpj;bat;asm;asmx</Extensions>
    </Filter>
    <Filter Include="NXTBluetooth">
      <UniqueIdentifier>{4b17dd95-a0c1-4f90-bc87-957e40a4d3a6}</UniqueIdentifier>
    </Filter>
  </ItemGroup>
  <ItemGroup>
    <ClCompile Include="Camera.cpp">
      <Filter>Source Files</Filter>
    </ClCompile>
    <ClCompile Include="main.cpp">
      <Filter>Source Files</Filter>
    </ClCompile>
    <ClCompile Include="NXT.cpp">
      <Filter>Source Files</Filter>
    </ClCompile>
    <ClCompile Include="Robot.cpp">
      <Filter>Source Files</Filter>
    </ClCompile>
    <ClCompile Include="NXTBluetooth\adc_8591.cpp">
      <Filter>NXTBluetooth</Filter>
    </ClCompile>
    <ClCompile Include="NXTBluetooth\bluetooth.cpp">
      <Filter>NXTBluetooth</Filter>
    </ClCompile>
    <ClCompile Include="NXTBluetooth\brick.cpp">
      <Filter>NXTBluetooth</Filter>
    </ClCompile>
    <ClCompile Include="NXTBluetooth\color.cpp">
      <Filter>NXTBluetooth</Filter>
    </ClCompile>
    <ClCompile Include="NXTBluetooth\compass.cpp">
      <Filter>NXTBluetooth</Filter>
    </ClCompile>
    <ClCompile Include="NXTBluetooth\error.cpp">
      <Filter>NXTBluetooth</Filter>
    </ClCompile>
    <ClCompile Include="NXTBluetooth\filesystem.cpp">
      <Filter>NXTBluetooth</Filter>
    </ClCompile>
    <ClCompile Include="NXTBluetooth\i2c.cpp">
      <Filter>NXTBluetooth</Filter>
    </ClCompile>
    <ClCompile Include="NXTBluetooth\io_8574.cpp">
      <Filter>NXTBluetooth</Filter>
    </ClCompile>
    <ClCompile Include="NXTBluetooth\motor.cpp">
      <Filter>NXTBluetooth</Filter>
    </ClCompile>
    <ClCompile Include="NXTBluetooth\sensor.cpp">
      <Filter>NXTBluetooth</Filter>
    </ClCompile>
    <ClCompile Include="NXTBluetooth\sonar.cpp">
      <Filter>NXTBluetooth</Filter>
    </ClCompile>
    <ClCompile Include="NXTBluetooth\tilt.cpp">
      <Filter>NXTBluetooth</Filter>
    </ClCompile>
  </ItemGroup>
  <ItemGroup>
    <ClInclude Include="Camera.h">
      <Filter>Header Files</Filter>
    </ClInclude>
    <ClInclude Include="NXT.h">
      <Filter>Header Files</Filter>
    </ClInclude>
    <ClInclude Include="Robot.h">
      <Filter>Header Files</Filter>
    </ClInclude>
    <ClInclude Include="NXTBluetooth\adc_8591.h">
      <Filter>NXTBluetooth</Filter>
    </ClInclude>
    <ClInclude Include="NXTBluetooth\bluetooth.h">
      <Filter>NXTBluetooth</Filter>
    </ClInclude>
    <ClInclude Include="NXTBluetooth\brick.h">
      <Filter>NXTBluetooth</Filter>
    </ClInclude>
    <ClInclude Include="NXTBluetooth\color.h">
      <Filter>NXTBluetooth</Filter>
    </ClInclude>
    <ClInclude Include="NXTBluetooth\compass.h">
      <Filter>NXTBluetooth</Filter>
    </ClInclude>
    <ClInclude Include="NXTBluetooth\connection.h">
      <Filter>NXTBluetooth</Filter>
    </ClInclude>
    <ClInclude Include="NXTBluetooth\dllexport.h">
      <Filter>NXTBluetooth</Filter>
    </ClInclude>
    <ClInclude Include="NXTBluetooth\error.h">
      <Filter>NXTBluetooth</Filter>
    </ClInclude>
    <ClInclude Include="NXTBluetooth\filesystem.h">
      <Filter>NXTBluetooth</Filter>
    </ClInclude>
    <ClInclude Include="NXTBluetooth\gyro.h">
      <Filter>NXTBluetooth</Filter>
    </ClInclude>
    <ClInclude Include="NXTBluetooth\i2c.h">
      <Filter>NXTBluetooth</Filter>
    </ClInclude>
    <ClInclude Include="NXTBluetooth\io_8574.h">
      <Filter>NXTBluetooth</Filter>
    </ClInclude>
    <ClInclude Include="NXTBluetooth\light.h">
      <Filter>NXTBluetooth</Filter>
    </ClInclude>
    <ClInclude Include="NXTBluetooth\motor.h">
      <Filter>NXTBluetooth</Filter>
    </ClInclude>
    <ClInclude Include="NXTBluetooth\nxt.h">
      <Filter>NXTBluetooth</Filter>
    </ClInclude>
    <ClInclude Include="NXTBluetooth\rcx_light.h">
      <Filter>NXTBluetooth</Filter>
    </ClInclude>
    <ClInclude Include="NXTBluetooth\rotation.h">
      <Filter>NXTBluetooth</Filter>
    </ClInclude>
    <ClInclude Include="NXTBluetooth\sensor.h">
      <Filter>NXTBluetooth</Filter>
    </ClInclude>
    <ClInclude Include="NXTBluetooth\sonar.h">
      <Filter>NXTBluetooth</Filter>
    </ClInclude>
    <ClInclude Include="NXTBluetooth\sound.h">
      <Filter>NXTBluetooth</Filter>
    </ClInclude>
    <ClInclude Include="NXTBluetooth\targetver.h">
      <Filter>NXTBluetooth</Filter>
    </ClInclude>
    <ClInclude Include="NXTBluetooth\temperature.h">
      <Filter>NXTBluetooth</Filter>
    </ClInclude>
    <ClInclude Include="NXTBluetooth\tilt.h">
      <Filter>NXTBluetooth</Filter>
    </ClInclude>
    <ClInclude Include="NXTBluetooth\touch.h">
      <Filter>NXTBluetooth</Filter>
    </ClInclude>
  </ItemGroup>
  <ItemGroup>
    <None Include="README.txt" />
  </ItemGroup>
</Project>